// !$*UTF8*$!
{
	archiveVersion = 1;
	classes = {
	};
	objectVersion = 46;
	objects = {

/* Begin PBXBuildFile section */
		7C16D36816908BBA00864FD7 /* SystemConfiguration.framework in Frameworks */ = {isa = PBXBuildFile; fileRef = 7C16D36716908BBA00864FD7 /* SystemConfiguration.framework */; };
		7C3723E5169A708C000890C6 /* Campaign.m in Sources */ = {isa = PBXBuildFile; fileRef = 7C3723E4169A708C000890C6 /* Campaign.m */; };
		7C8B980B169A25F900F2FEE9 /* RootViewController.m in Sources */ = {isa = PBXBuildFile; fileRef = 7C8B980A169A25F900F2FEE9 /* RootViewController.m */; };
		7CB2D3E016813FCB002656E9 /* UIKit.framework in Frameworks */ = {isa = PBXBuildFile; fileRef = 7CB2D3DF16813FCB002656E9 /* UIKit.framework */; };
		7CB2D3E216813FCB002656E9 /* Foundation.framework in Frameworks */ = {isa = PBXBuildFile; fileRef = 7CB2D3E116813FCB002656E9 /* Foundation.framework */; };
		7CB2D3E416813FCB002656E9 /* CoreGraphics.framework in Frameworks */ = {isa = PBXBuildFile; fileRef = 7CB2D3E316813FCB002656E9 /* CoreGraphics.framework */; };
		7CB2D3E616813FCB002656E9 /* CoreData.framework in Frameworks */ = {isa = PBXBuildFile; fileRef = 7CB2D3E516813FCB002656E9 /* CoreData.framework */; };
		7CB2D3E916813FCB002656E9 /* Podfile in Resources */ = {isa = PBXBuildFile; fileRef = 7CB2D3E816813FCB002656E9 /* Podfile */; };
		7CB2D3EF16813FCB002656E9 /* CrowdtiltTestAPIClient.m in Sources */ = {isa = PBXBuildFile; fileRef = 7CB2D3EE16813FCB002656E9 /* CrowdtiltTestAPIClient.m */; };
		7CB2D3F316813FCB002656E9 /* InfoPlist.strings in Resources */ = {isa = PBXBuildFile; fileRef = 7CB2D3F116813FCB002656E9 /* InfoPlist.strings */; };
		7CB2D3F516813FCB002656E9 /* main.m in Sources */ = {isa = PBXBuildFile; fileRef = 7CB2D3F416813FCB002656E9 /* main.m */; };
		7CB2D3F816813FCB002656E9 /* AppDelegate.m in Sources */ = {isa = PBXBuildFile; fileRef = 7CB2D3F716813FCB002656E9 /* AppDelegate.m */; };
		7CB2D3FA16813FCB002656E9 /* Default.png in Resources */ = {isa = PBXBuildFile; fileRef = 7CB2D3F916813FCB002656E9 /* Default.png */; };
		7CB2D3FC16813FCB002656E9 /* Default@2x.png in Resources */ = {isa = PBXBuildFile; fileRef = 7CB2D3FB16813FCB002656E9 /* Default@2x.png */; };
		7CB2D3FE16813FCB002656E9 /* Default-568h@2x.png in Resources */ = {isa = PBXBuildFile; fileRef = 7CB2D3FD16813FCB002656E9 /* Default-568h@2x.png */; };
		7CB2D40216813FCB002656E9 /* CrowdtiltTest.xcdatamodeld in Sources */ = {isa = PBXBuildFile; fileRef = 7CB2D40016813FCB002656E9 /* CrowdtiltTest.xcdatamodeld */; };
		7CB2D40516813FCB002656E9 /* CrowdtiltTestIncrementalStore.m in Sources */ = {isa = PBXBuildFile; fileRef = 7CB2D40416813FCB002656E9 /* CrowdtiltTestIncrementalStore.m */; };
		7CE2A7AC16837FE4009F963C /* WMServerManager.m in Sources */ = {isa = PBXBuildFile; fileRef = 7CE2A7AB16837FE4009F963C /* WMServerManager.m */; };
		7CF46308169BC66900632930 /* bobafacebook.jpg in Resources */ = {isa = PBXBuildFile; fileRef = 7CF46307169BC66900632930 /* bobafacebook.jpg */; };
		7CFD172716A6225E00A394D9 /* APIDetailViewController.m in Sources */ = {isa = PBXBuildFile; fileRef = 7CFD172616A6225E00A394D9 /* APIDetailViewController.m */; };
		CD8F42009B4E4382AFD1771B /* libPods.a in Frameworks */ = {isa = PBXBuildFile; fileRef = 7C5E7564417C4BDD80E9560D /* libPods.a */; };
/* End PBXBuildFile section */

/* Begin PBXFileReference section */
		18BE5D9A82EE46E9A110C409 /* Pods.xcconfig */ = {isa = PBXFileReference; includeInIndex = 1; lastKnownFileType = text.xcconfig; name = Pods.xcconfig; path = Pods/Pods.xcconfig; sourceTree = SOURCE_ROOT; };
		7C16D36716908BBA00864FD7 /* SystemConfiguration.framework */ = {isa = PBXFileReference; lastKnownFileType = wrapper.framework; name = SystemConfiguration.framework; path = System/Library/Frameworks/SystemConfiguration.framework; sourceTree = SDKROOT; };
		7C3723E3169A708C000890C6 /* Campaign.h */ = {isa = PBXFileReference; fileEncoding = 4; lastKnownFileType = sourcecode.c.h; path = Campaign.h; sourceTree = "<group>"; };
		7C3723E4169A708C000890C6 /* Campaign.m */ = {isa = PBXFileReference; fileEncoding = 4; lastKnownFileType = sourcecode.c.objc; path = Campaign.m; sourceTree = "<group>"; };
		7C5E7564417C4BDD80E9560D /* libPods.a */ = {isa = PBXFileReference; explicitFileType = archive.ar; includeInIndex = 0; path = libPods.a; sourceTree = BUILT_PRODUCTS_DIR; };
		7C8B9809169A25F900F2FEE9 /* RootViewController.h */ = {isa = PBXFileReference; fileEncoding = 4; lastKnownFileType = sourcecode.c.h; name = RootViewController.h; path = Classes/RootViewController.h; sourceTree = "<group>"; };
		7C8B980A169A25F900F2FEE9 /* RootViewController.m */ = {isa = PBXFileReference; fileEncoding = 4; lastKnownFileType = sourcecode.c.objc; name = RootViewController.m; path = Classes/RootViewController.m; sourceTree = "<group>"; };
		7CB2D3DB16813FCB002656E9 /* CrowdtiltTest.app */ = {isa = PBXFileReference; explicitFileType = wrapper.application; includeInIndex = 0; path = CrowdtiltTest.app; sourceTree = BUILT_PRODUCTS_DIR; };
		7CB2D3DF16813FCB002656E9 /* UIKit.framework */ = {isa = PBXFileReference; lastKnownFileType = wrapper.framework; name = UIKit.framework; path = System/Library/Frameworks/UIKit.framework; sourceTree = SDKROOT; };
		7CB2D3E116813FCB002656E9 /* Foundation.framework */ = {isa = PBXFileReference; lastKnownFileType = wrapper.framework; name = Foundation.framework; path = System/Library/Frameworks/Foundation.framework; sourceTree = SDKROOT; };
		7CB2D3E316813FCB002656E9 /* CoreGraphics.framework */ = {isa = PBXFileReference; lastKnownFileType = wrapper.framework; name = CoreGraphics.framework; path = System/Library/Frameworks/CoreGraphics.framework; sourceTree = SDKROOT; };
		7CB2D3E516813FCB002656E9 /* CoreData.framework */ = {isa = PBXFileReference; lastKnownFileType = wrapper.framework; name = CoreData.framework; path = System/Library/Frameworks/CoreData.framework; sourceTree = SDKROOT; };
		7CB2D3E816813FCB002656E9 /* Podfile */ = {isa = PBXFileReference; lastKnownFileType = text; name = Podfile; path = ../Podfile; sourceTree = "<group>"; };
		7CB2D3EB16813FCB002656E9 /* CrowdtiltTest-Prefix.pch */ = {isa = PBXFileReference; lastKnownFileType = sourcecode.c.h; path = "CrowdtiltTest-Prefix.pch"; sourceTree = "<group>"; };
		7CB2D3ED16813FCB002656E9 /* CrowdtiltTestAPIClient.h */ = {isa = PBXFileReference; lastKnownFileType = sourcecode.c.h; name = CrowdtiltTestAPIClient.h; path = Classes/CrowdtiltTestAPIClient.h; sourceTree = "<group>"; };
		7CB2D3EE16813FCB002656E9 /* CrowdtiltTestAPIClient.m */ = {isa = PBXFileReference; lastKnownFileType = sourcecode.c.objc; name = CrowdtiltTestAPIClient.m; path = Classes/CrowdtiltTestAPIClient.m; sourceTree = "<group>"; };
		7CB2D3F016813FCB002656E9 /* CrowdtiltTest-Info.plist */ = {isa = PBXFileReference; lastKnownFileType = text.plist.xml; path = "CrowdtiltTest-Info.plist"; sourceTree = "<group>"; };
		7CB2D3F216813FCB002656E9 /* en */ = {isa = PBXFileReference; lastKnownFileType = text.plist.strings; name = en; path = en.lproj/InfoPlist.strings; sourceTree = "<group>"; };
		7CB2D3F416813FCB002656E9 /* main.m */ = {isa = PBXFileReference; lastKnownFileType = sourcecode.c.objc; path = main.m; sourceTree = "<group>"; };
		7CB2D3F616813FCB002656E9 /* AppDelegate.h */ = {isa = PBXFileReference; lastKnownFileType = sourcecode.c.h; path = AppDelegate.h; sourceTree = "<group>"; };
		7CB2D3F716813FCB002656E9 /* AppDelegate.m */ = {isa = PBXFileReference; lastKnownFileType = sourcecode.c.objc; path = AppDelegate.m; sourceTree = "<group>"; };
		7CB2D3F916813FCB002656E9 /* Default.png */ = {isa = PBXFileReference; lastKnownFileType = image.png; path = Default.png; sourceTree = "<group>"; };
		7CB2D3FB16813FCB002656E9 /* Default@2x.png */ = {isa = PBXFileReference; lastKnownFileType = image.png; path = "Default@2x.png"; sourceTree = "<group>"; };
		7CB2D3FD16813FCB002656E9 /* Default-568h@2x.png */ = {isa = PBXFileReference; lastKnownFileType = image.png; path = "Default-568h@2x.png"; sourceTree = "<group>"; };
		7CB2D40116813FCB002656E9 /* CrowdtiltTest.xcdatamodel */ = {isa = PBXFileReference; lastKnownFileType = wrapper.xcdatamodel; path = CrowdtiltTest.xcdatamodel; sourceTree = "<group>"; };
		7CB2D40316813FCB002656E9 /* CrowdtiltTestIncrementalStore.h */ = {isa = PBXFileReference; lastKnownFileType = sourcecode.c.h; name = CrowdtiltTestIncrementalStore.h; path = Classes/CrowdtiltTestIncrementalStore.h; sourceTree = "<group>"; };
		7CB2D40416813FCB002656E9 /* CrowdtiltTestIncrementalStore.m */ = {isa = PBXFileReference; lastKnownFileType = sourcecode.c.objc; name = CrowdtiltTestIncrementalStore.m; path = Classes/CrowdtiltTestIncrementalStore.m; sourceTree = "<group>"; };
		7CE2A7AA16837FE4009F963C /* WMServerManager.h */ = {isa = PBXFileReference; fileEncoding = 4; lastKnownFileType = sourcecode.c.h; path = WMServerManager.h; sourceTree = "<group>"; };
		7CE2A7AB16837FE4009F963C /* WMServerManager.m */ = {isa = PBXFileReference; fileEncoding = 4; lastKnownFileType = sourcecode.c.objc; path = WMServerManager.m; sourceTree = "<group>"; };
		7CF46307169BC66900632930 /* bobafacebook.jpg */ = {isa = PBXFileReference; lastKnownFileType = image.jpeg; path = bobafacebook.jpg; sourceTree = "<group>"; };
		7CFD172516A6225E00A394D9 /* APIDetailViewController.h */ = {isa = PBXFileReference; fileEncoding = 4; lastKnownFileType = sourcecode.c.h; path = APIDetailViewController.h; sourceTree = "<group>"; };
		7CFD172616A6225E00A394D9 /* APIDetailViewController.m */ = {isa = PBXFileReference; fileEncoding = 4; lastKnownFileType = sourcecode.c.objc; path = APIDetailViewController.m; sourceTree = "<group>"; };
/* End PBXFileReference section */

/* Begin PBXFrameworksBuildPhase section */
		7CB2D3D816813FCB002656E9 /* Frameworks */ = {
			isa = PBXFrameworksBuildPhase;
			buildActionMask = 2147483647;
			files = (
				7C16D36816908BBA00864FD7 /* SystemConfiguration.framework in Frameworks */,
				7CB2D3E016813FCB002656E9 /* UIKit.framework in Frameworks */,
				7CB2D3E216813FCB002656E9 /* Foundation.framework in Frameworks */,
				7CB2D3E416813FCB002656E9 /* CoreGraphics.framework in Frameworks */,
				7CB2D3E616813FCB002656E9 /* CoreData.framework in Frameworks */,
				CD8F42009B4E4382AFD1771B /* libPods.a in Frameworks */,
			);
			runOnlyForDeploymentPostprocessing = 0;
		};
/* End PBXFrameworksBuildPhase section */

/* Begin PBXGroup section */
		7CB2D3D016813FCB002656E9 = {
			isa = PBXGroup;
			children = (
				7CB2D3E716813FCB002656E9 /* CrowdtiltTest */,
				7CB2D3DE16813FCB002656E9 /* Frameworks */,
				7CB2D3DC16813FCB002656E9 /* Products */,
				18BE5D9A82EE46E9A110C409 /* Pods.xcconfig */,
			);
			sourceTree = "<group>";
		};
		7CB2D3DC16813FCB002656E9 /* Products */ = {
			isa = PBXGroup;
			children = (
				7CB2D3DB16813FCB002656E9 /* CrowdtiltTest.app */,
			);
			name = Products;
			sourceTree = "<group>";
		};
		7CB2D3DE16813FCB002656E9 /* Frameworks */ = {
			isa = PBXGroup;
			children = (
				7C16D36716908BBA00864FD7 /* SystemConfiguration.framework */,
				7CB2D3DF16813FCB002656E9 /* UIKit.framework */,
				7CB2D3E116813FCB002656E9 /* Foundation.framework */,
				7CB2D3E316813FCB002656E9 /* CoreGraphics.framework */,
				7CB2D3E516813FCB002656E9 /* CoreData.framework */,
				7C5E7564417C4BDD80E9560D /* libPods.a */,
			);
			name = Frameworks;
			sourceTree = "<group>";
		};
		7CB2D3E716813FCB002656E9 /* CrowdtiltTest */ = {
			isa = PBXGroup;
			children = (
				7CB2D3E816813FCB002656E9 /* Podfile */,
				7CB2D3F616813FCB002656E9 /* AppDelegate.h */,
				7CB2D3F716813FCB002656E9 /* AppDelegate.m */,
				7C8B9809169A25F900F2FEE9 /* RootViewController.h */,
				7C8B980A169A25F900F2FEE9 /* RootViewController.m */,
				7CFD172516A6225E00A394D9 /* APIDetailViewController.h */,
				7CFD172616A6225E00A394D9 /* APIDetailViewController.m */,
				7CB2D3EC16813FCB002656E9 /* Networking */,
				7CB2D3FF16813FCB002656E9 /* Models */,
				7CB2D3EA16813FCB002656E9 /* Supporting Files */,
			);
			path = CrowdtiltTest;
			sourceTree = "<group>";
		};
		7CB2D3EA16813FCB002656E9 /* Supporting Files */ = {
			isa = PBXGroup;
			children = (
				7CF46307169BC66900632930 /* bobafacebook.jpg */,
				7CB2D3EB16813FCB002656E9 /* CrowdtiltTest-Prefix.pch */,
				7CB2D3F016813FCB002656E9 /* CrowdtiltTest-Info.plist */,
				7CB2D3F116813FCB002656E9 /* InfoPlist.strings */,
				7CB2D3F416813FCB002656E9 /* main.m */,
				7CB2D3F916813FCB002656E9 /* Default.png */,
				7CB2D3FB16813FCB002656E9 /* Default@2x.png */,
				7CB2D3FD16813FCB002656E9 /* Default-568h@2x.png */,
			);
			name = "Supporting Files";
			sourceTree = "<group>";
		};
		7CB2D3EC16813FCB002656E9 /* Networking */ = {
			isa = PBXGroup;
			children = (
				7CE2A7AA16837FE4009F963C /* WMServerManager.h */,
				7CE2A7AB16837FE4009F963C /* WMServerManager.m */,
				7CB2D3ED16813FCB002656E9 /* CrowdtiltTestAPIClient.h */,
				7CB2D3EE16813FCB002656E9 /* CrowdtiltTestAPIClient.m */,
				7CB2D40316813FCB002656E9 /* CrowdtiltTestIncrementalStore.h */,
				7CB2D40416813FCB002656E9 /* CrowdtiltTestIncrementalStore.m */,
			);
			name = Networking;
			sourceTree = "<group>";
		};
		7CB2D3FF16813FCB002656E9 /* Models */ = {
			isa = PBXGroup;
			children = (
				7CB2D40016813FCB002656E9 /* CrowdtiltTest.xcdatamodeld */,
				7C3723E3169A708C000890C6 /* Campaign.h */,
				7C3723E4169A708C000890C6 /* Campaign.m */,
			);
			name = Models;
			sourceTree = "<group>";
		};
/* End PBXGroup section */

/* Begin PBXNativeTarget section */
		7CB2D3DA16813FCB002656E9 /* CrowdtiltTest */ = {
			isa = PBXNativeTarget;
			buildConfigurationList = 7CB2D40816813FCB002656E9 /* Build configuration list for PBXNativeTarget "CrowdtiltTest" */;
			buildPhases = (
				7CB2D3D716813FCB002656E9 /* Sources */,
				7CB2D3D816813FCB002656E9 /* Frameworks */,
				7CB2D3D916813FCB002656E9 /* Resources */,
				DBFD912230D444459712E88E /* Copy Pods Resources */,
			);
			buildRules = (
			);
			dependencies = (
			);
			name = CrowdtiltTest;
			productName = CrowdtiltTest;
			productReference = 7CB2D3DB16813FCB002656E9 /* CrowdtiltTest.app */;
			productType = "com.apple.product-type.application";
		};
/* End PBXNativeTarget section */

/* Begin PBXProject section */
		7CB2D3D216813FCB002656E9 /* Project object */ = {
			isa = PBXProject;
			attributes = {
				LastUpgradeCheck = 0450;
				ORGANIZATIONNAME = WM;
			};
			buildConfigurationList = 7CB2D3D516813FCB002656E9 /* Build configuration list for PBXProject "CrowdtiltTest" */;
			compatibilityVersion = "Xcode 3.2";
			developmentRegion = English;
			hasScannedForEncodings = 0;
			knownRegions = (
				en,
			);
			mainGroup = 7CB2D3D016813FCB002656E9;
			productRefGroup = 7CB2D3DC16813FCB002656E9 /* Products */;
			projectDirPath = "";
			projectRoot = "";
			targets = (
				7CB2D3DA16813FCB002656E9 /* CrowdtiltTest */,
			);
		};
/* End PBXProject section */

/* Begin PBXResourcesBuildPhase section */
		7CB2D3D916813FCB002656E9 /* Resources */ = {
			isa = PBXResourcesBuildPhase;
			buildActionMask = 2147483647;
			files = (
				7CB2D3E916813FCB002656E9 /* Podfile in Resources */,
				7CB2D3F316813FCB002656E9 /* InfoPlist.strings in Resources */,
				7CB2D3FA16813FCB002656E9 /* Default.png in Resources */,
				7CB2D3FC16813FCB002656E9 /* Default@2x.png in Resources */,
				7CB2D3FE16813FCB002656E9 /* Default-568h@2x.png in Resources */,
				7CF46308169BC66900632930 /* bobafacebook.jpg in Resources */,
			);
			runOnlyForDeploymentPostprocessing = 0;
		};
/* End PBXResourcesBuildPhase section */

/* Begin PBXShellScriptBuildPhase section */
		DBFD912230D444459712E88E /* Copy Pods Resources */ = {
			isa = PBXShellScriptBuildPhase;
			buildActionMask = 2147483647;
			files = (
			);
			inputPaths = (
			);
			name = "Copy Pods Resources";
			outputPaths = (
			);
			runOnlyForDeploymentPostprocessing = 0;
			shellPath = /bin/sh;
			shellScript = "\"${SRCROOT}/Pods/Pods-resources.sh\"\n";
		};
/* End PBXShellScriptBuildPhase section */

/* Begin PBXSourcesBuildPhase section */
		7CB2D3D716813FCB002656E9 /* Sources */ = {
			isa = PBXSourcesBuildPhase;
			buildActionMask = 2147483647;
			files = (
				7CB2D3EF16813FCB002656E9 /* CrowdtiltTestAPIClient.m in Sources */,
				7CB2D3F516813FCB002656E9 /* main.m in Sources */,
				7CB2D3F816813FCB002656E9 /* AppDelegate.m in Sources */,
				7CB2D40216813FCB002656E9 /* CrowdtiltTest.xcdatamodeld in Sources */,
				7CB2D40516813FCB002656E9 /* CrowdtiltTestIncrementalStore.m in Sources */,
				7CE2A7AC16837FE4009F963C /* WMServerManager.m in Sources */,
				7C8B980B169A25F900F2FEE9 /* RootViewController.m in Sources */,
				7C3723E5169A708C000890C6 /* Campaign.m in Sources */,
				7CFD172716A6225E00A394D9 /* APIDetailViewController.m in Sources */,
			);
			runOnlyForDeploymentPostprocessing = 0;
		};
/* End PBXSourcesBuildPhase section */

/* Begin PBXVariantGroup section */
		7CB2D3F116813FCB002656E9 /* InfoPlist.strings */ = {
			isa = PBXVariantGroup;
			children = (
				7CB2D3F216813FCB002656E9 /* en */,
			);
			name = InfoPlist.strings;
			sourceTree = "<group>";
		};
/* End PBXVariantGroup section */

/* Begin XCBuildConfiguration section */
		7CB2D40616813FCB002656E9 /* Debug */ = {
			isa = XCBuildConfiguration;
			buildSettings = {
				ALWAYS_SEARCH_USER_PATHS = NO;
				CLANG_CXX_LANGUAGE_STANDARD = "gnu++0x";
				CLANG_CXX_LIBRARY = "libc++";
				CLANG_ENABLE_OBJC_ARC = YES;
				CLANG_WARN_EMPTY_BODY = YES;
				CLANG_WARN__DUPLICATE_METHOD_MATCH = YES;
				"CODE_SIGN_IDENTITY[sdk=iphoneos*]" = "iPhone Developer";
				COPY_PHASE_STRIP = NO;
				GCC_C_LANGUAGE_STANDARD = gnu99;
				GCC_DYNAMIC_NO_PIC = NO;
				GCC_OPTIMIZATION_LEVEL = 0;
				GCC_PREPROCESSOR_DEFINITIONS = (
					"DEBUG=1",
					"$(inherited)",
				);
				GCC_SYMBOLS_PRIVATE_EXTERN = NO;
				GCC_WARN_ABOUT_RETURN_TYPE = YES;
				GCC_WARN_UNINITIALIZED_AUTOS = YES;
				GCC_WARN_UNUSED_VARIABLE = YES;
				IPHONEOS_DEPLOYMENT_TARGET = 6.0;
				ONLY_ACTIVE_ARCH = YES;
				SDKROOT = iphoneos;
			};
			name = Debug;
		};
		7CB2D40716813FCB002656E9 /* Release */ = {
			isa = XCBuildConfiguration;
			buildSettings = {
				ALWAYS_SEARCH_USER_PATHS = NO;
				CLANG_CXX_LANGUAGE_STANDARD = "gnu++0x";
				CLANG_CXX_LIBRARY = "libc++";
				CLANG_ENABLE_OBJC_ARC = YES;
				CLANG_WARN_EMPTY_BODY = YES;
				CLANG_WARN__DUPLICATE_METHOD_MATCH = YES;
				"CODE_SIGN_IDENTITY[sdk=iphoneos*]" = "iPhone Developer";
				COPY_PHASE_STRIP = YES;
				GCC_C_LANGUAGE_STANDARD = gnu99;
				GCC_WARN_ABOUT_RETURN_TYPE = YES;
				GCC_WARN_UNINITIALIZED_AUTOS = YES;
				GCC_WARN_UNUSED_VARIABLE = YES;
				IPHONEOS_DEPLOYMENT_TARGET = 6.0;
				OTHER_CFLAGS = "-DNS_BLOCK_ASSERTIONS=1";
				SDKROOT = iphoneos;
				VALIDATE_PRODUCT = YES;
			};
			name = Release;
		};
		7CB2D40916813FCB002656E9 /* Debug */ = {
			isa = XCBuildConfiguration;
			baseConfigurationReference = 18BE5D9A82EE46E9A110C409 /* Pods.xcconfig */;
			buildSettings = {
				GCC_PRECOMPILE_PREFIX_HEADER = YES;
				GCC_PREFIX_HEADER = "CrowdtiltTest/CrowdtiltTest-Prefix.pch";
				INFOPLIST_FILE = "CrowdtiltTest/CrowdtiltTest-Info.plist";
				PRODUCT_NAME = "$(TARGET_NAME)";
				WRAPPER_EXTENSION = app;
			};
			name = Debug;
		};
		7CB2D40A16813FCB002656E9 /* Release */ = {
			isa = XCBuildConfiguration;
			baseConfigurationReference = 18BE5D9A82EE46E9A110C409 /* Pods.xcconfig */;
			buildSettings = {
				GCC_PRECOMPILE_PREFIX_HEADER = YES;
				GCC_PREFIX_HEADER = "CrowdtiltTest/CrowdtiltTest-Prefix.pch";
				INFOPLIST_FILE = "CrowdtiltTest/CrowdtiltTest-Info.plist";
				PRODUCT_NAME = "$(TARGET_NAME)";
				WRAPPER_EXTENSION = app;
			};
			name = Release;
		};
/* End XCBuildConfiguration section */

/* Begin XCConfigurationList section */
		7CB2D3D516813FCB002656E9 /* Build configuration list for PBXProject "CrowdtiltTest" */ = {
			isa = XCConfigurationList;
			buildConfigurations = (
				7CB2D40616813FCB002656E9 /* Debug */,
				7CB2D40716813FCB002656E9 /* Release */,
			);
			defaultConfigurationIsVisible = 0;
			defaultConfigurationName = Release;
		};
		7CB2D40816813FCB002656E9 /* Build configuration list for PBXNativeTarget "CrowdtiltTest" */ = {
			isa = XCConfigurationList;
			buildConfigurations = (
				7CB2D40916813FCB002656E9 /* Debug */,
				7CB2D40A16813FCB002656E9 /* Release */,
			);
			defaultConfigurationIsVisible = 0;
			defaultConfigurationName = Release;
		};
/* End XCConfigurationList section */

/* Begin XCVersionGroup section */
		7CB2D40016813FCB002656E9 /* CrowdtiltTest.xcdatamodeld */ = {
			isa = XCVersionGroup;
			children = (
				7CB2D40116813FCB002656E9 /* CrowdtiltTest.xcdatamodel */,
			);
			currentVersion = 7CB2D40116813FCB002656E9 /* CrowdtiltTest.xcdatamodel */;
			path = CrowdtiltTest.xcdatamodeld;
			sourceTree = "<group>";
			versionGroupType = wrapper.xcdatamodel;
		};
/* End XCVersionGroup section */
	};
	rootObject = 7CB2D3D216813FCB002656E9 /* Project object */;
}
